// !$*UTF8*$!
{
	archiveVersion = 1;
	classes = {
	};
	objectVersion = 55;
	objects = {

/* Begin PBXBuildFile section */
		625919C22851FDA40013D97D /* NewTaskViewController.swift in Sources */ = {isa = PBXBuildFile; fileRef = 625919C12851FDA40013D97D /* NewTaskViewController.swift */; };
		6281B075284F812900FFAEEC /* SnapKit in Frameworks */ = {isa = PBXBuildFile; productRef = 6281B074284F812900FFAEEC /* SnapKit */; };
		629EF2972859229300EAC23C /* TodoViewModel.swift in Sources */ = {isa = PBXBuildFile; fileRef = 629EF2962859229300EAC23C /* TodoViewModel.swift */; };
		62BB91A12852158800927A70 /* DetailViewController.swift in Sources */ = {isa = PBXBuildFile; fileRef = 62BB91A02852158800927A70 /* DetailViewController.swift */; };
		62BB91A5285215F900927A70 /* Task.swift in Sources */ = {isa = PBXBuildFile; fileRef = 62BB91A4285215F900927A70 /* Task.swift */; };
		62BB91A728522D9700927A70 /* CustomTaskCell.swift in Sources */ = {isa = PBXBuildFile; fileRef = 62BB91A628522D9700927A70 /* CustomTaskCell.swift */; };
		62BB91AA2852795100927A70 /* TaskCellViewModel.swift in Sources */ = {isa = PBXBuildFile; fileRef = 62BB91A92852795100927A70 /* TaskCellViewModel.swift */; };
		62C81610284DFC7500C494BB /* AppDelegate.swift in Sources */ = {isa = PBXBuildFile; fileRef = 62C8160F284DFC7500C494BB /* AppDelegate.swift */; };
		62C81612284DFC7500C494BB /* SceneDelegate.swift in Sources */ = {isa = PBXBuildFile; fileRef = 62C81611284DFC7500C494BB /* SceneDelegate.swift */; };
		62C81614284DFC7500C494BB /* TasksListViewController.swift in Sources */ = {isa = PBXBuildFile; fileRef = 62C81613284DFC7500C494BB /* TasksListViewController.swift */; };
		62C81619284DFC7700C494BB /* Assets.xcassets in Resources */ = {isa = PBXBuildFile; fileRef = 62C81618284DFC7700C494BB /* Assets.xcassets */; };
		62C8161C284DFC7700C494BB /* LaunchScreen.storyboard in Resources */ = {isa = PBXBuildFile; fileRef = 62C8161A284DFC7700C494BB /* LaunchScreen.storyboard */; };
/* End PBXBuildFile section */

/* Begin PBXFileReference section */
		625919C12851FDA40013D97D /* NewTaskViewController.swift */ = {isa = PBXFileReference; lastKnownFileType = sourcecode.swift; path = NewTaskViewController.swift; sourceTree = "<group>"; };
		629EF2962859229300EAC23C /* TodoViewModel.swift */ = {isa = PBXFileReference; lastKnownFileType = sourcecode.swift; path = TodoViewModel.swift; sourceTree = "<group>"; };
		62BB91A02852158800927A70 /* DetailViewController.swift */ = {isa = PBXFileReference; lastKnownFileType = sourcecode.swift; path = DetailViewController.swift; sourceTree = "<group>"; };
		62BB91A4285215F900927A70 /* Task.swift */ = {isa = PBXFileReference; lastKnownFileType = sourcecode.swift; path = Task.swift; sourceTree = "<group>"; };
		62BB91A628522D9700927A70 /* CustomTaskCell.swift */ = {isa = PBXFileReference; lastKnownFileType = sourcecode.swift; path = CustomTaskCell.swift; sourceTree = "<group>"; };
		62BB91A92852795100927A70 /* TaskCellViewModel.swift */ = {isa = PBXFileReference; lastKnownFileType = sourcecode.swift; path = TaskCellViewModel.swift; sourceTree = "<group>"; };
		62C8160C284DFC7500C494BB /* Todo-App-V2.app */ = {isa = PBXFileReference; explicitFileType = wrapper.application; includeInIndex = 0; path = "Todo-App-V2.app"; sourceTree = BUILT_PRODUCTS_DIR; };
		62C8160F284DFC7500C494BB /* AppDelegate.swift */ = {isa = PBXFileReference; lastKnownFileType = sourcecode.swift; path = AppDelegate.swift; sourceTree = "<group>"; };
		62C81611284DFC7500C494BB /* SceneDelegate.swift */ = {isa = PBXFileReference; lastKnownFileType = sourcecode.swift; path = SceneDelegate.swift; sourceTree = "<group>"; };
		62C81613284DFC7500C494BB /* TasksListViewController.swift */ = {isa = PBXFileReference; lastKnownFileType = sourcecode.swift; path = TasksListViewController.swift; sourceTree = "<group>"; };
		62C81618284DFC7700C494BB /* Assets.xcassets */ = {isa = PBXFileReference; lastKnownFileType = folder.assetcatalog; path = Assets.xcassets; sourceTree = "<group>"; };
		62C8161B284DFC7700C494BB /* Base */ = {isa = PBXFileReference; lastKnownFileType = file.storyboard; name = Base; path = Base.lproj/LaunchScreen.storyboard; sourceTree = "<group>"; };
		62C8161D284DFC7700C494BB /* Info.plist */ = {isa = PBXFileReference; lastKnownFileType = text.plist.xml; path = Info.plist; sourceTree = "<group>"; };
/* End PBXFileReference section */

/* Begin PBXFrameworksBuildPhase section */
		62C81609284DFC7500C494BB /* Frameworks */ = {
			isa = PBXFrameworksBuildPhase;
			buildActionMask = 2147483647;
			files = (
				6281B075284F812900FFAEEC /* SnapKit in Frameworks */,
			);
			runOnlyForDeploymentPostprocessing = 0;
		};
/* End PBXFrameworksBuildPhase section */

/* Begin PBXGroup section */
		62BB91A2285215D900927A70 /* Model */ = {
			isa = PBXGroup;
			children = (
				62BB91A4285215F900927A70 /* Task.swift */,
			);
			path = Model;
			sourceTree = "<group>";
		};
		62BB91A3285215DF00927A70 /* ViewModel */ = {
			isa = PBXGroup;
			children = (
				62BB91A92852795100927A70 /* TaskCellViewModel.swift */,
				629EF2962859229300EAC23C /* TodoViewModel.swift */,
			);
			path = ViewModel;
			sourceTree = "<group>";
		};
		62BB91A8285241A800927A70 /* Cell */ = {
			isa = PBXGroup;
			children = (
				62BB91A628522D9700927A70 /* CustomTaskCell.swift */,
			);
			path = Cell;
			sourceTree = "<group>";
		};
		62C01F902850B77D002D6D56 /* View */ = {
			isa = PBXGroup;
			children = (
				62C81613284DFC7500C494BB /* TasksListViewController.swift */,
				625919C12851FDA40013D97D /* NewTaskViewController.swift */,
				62BB91A02852158800927A70 /* DetailViewController.swift */,
				62BB91A8285241A800927A70 /* Cell */,
			);
			path = View;
			sourceTree = "<group>";
		};
		62C01F912850B788002D6D56 /* Core */ = {
			isa = PBXGroup;
			children = (
				62C8160F284DFC7500C494BB /* AppDelegate.swift */,
				62C81611284DFC7500C494BB /* SceneDelegate.swift */,
				62C8161A284DFC7700C494BB /* LaunchScreen.storyboard */,
				62C81618284DFC7700C494BB /* Assets.xcassets */,
			);
			path = Core;
			sourceTree = "<group>";
		};
		62C81603284DFC7500C494BB = {
			isa = PBXGroup;
			children = (
				62C8160E284DFC7500C494BB /* Todo-App-V2 */,
				62C8160D284DFC7500C494BB /* Products */,
			);
			sourceTree = "<group>";
		};
		62C8160D284DFC7500C494BB /* Products */ = {
			isa = PBXGroup;
			children = (
				62C8160C284DFC7500C494BB /* Todo-App-V2.app */,
			);
			name = Products;
			sourceTree = "<group>";
		};
		62C8160E284DFC7500C494BB /* Todo-App-V2 */ = {
			isa = PBXGroup;
			children = (
				62BB91A3285215DF00927A70 /* ViewModel */,
				62BB91A2285215D900927A70 /* Model */,
				62C01F912850B788002D6D56 /* Core */,
				62C01F902850B77D002D6D56 /* View */,
				62C8161D284DFC7700C494BB /* Info.plist */,
			);
			path = "Todo-App-V2";
			sourceTree = "<group>";
		};
/* End PBXGroup section */

/* Begin PBXNativeTarget section */
		62C8160B284DFC7500C494BB /* Todo-App-V2 */ = {
			isa = PBXNativeTarget;
			buildConfigurationList = 62C81620284DFC7700C494BB /* Build configuration list for PBXNativeTarget "Todo-App-V2" */;
			buildPhases = (
				62C81608284DFC7500C494BB /* Sources */,
				62C81609284DFC7500C494BB /* Frameworks */,
				62C8160A284DFC7500C494BB /* Resources */,
			);
			buildRules = (
			);
			dependencies = (
			);
			name = "Todo-App-V2";
			packageProductDependencies = (
				6281B074284F812900FFAEEC /* SnapKit */,
			);
			productName = "Todo-App-V2";
			productReference = 62C8160C284DFC7500C494BB /* Todo-App-V2.app */;
			productType = "com.apple.product-type.application";
		};
/* End PBXNativeTarget section */

/* Begin PBXProject section */
		62C81604284DFC7500C494BB /* Project object */ = {
			isa = PBXProject;
			attributes = {
				BuildIndependentTargetsInParallel = 1;
				LastSwiftUpdateCheck = 1340;
				LastUpgradeCheck = 1340;
				TargetAttributes = {
					62C8160B284DFC7500C494BB = {
						CreatedOnToolsVersion = 13.4.1;
					};
				};
			};
			buildConfigurationList = 62C81607284DFC7500C494BB /* Build configuration list for PBXProject "Todo-App-V2" */;
			compatibilityVersion = "Xcode 13.0";
			developmentRegion = en;
			hasScannedForEncodings = 0;
			knownRegions = (
				en,
				Base,
			);
			mainGroup = 62C81603284DFC7500C494BB;
			packageReferences = (
				6281B073284F812900FFAEEC /* XCRemoteSwiftPackageReference "SnapKit" */,
			);
			productRefGroup = 62C8160D284DFC7500C494BB /* Products */;
			projectDirPath = "";
			projectRoot = "";
			targets = (
				62C8160B284DFC7500C494BB /* Todo-App-V2 */,
			);
		};
/* End PBXProject section */

/* Begin PBXResourcesBuildPhase section */
		62C8160A284DFC7500C494BB /* Resources */ = {
			isa = PBXResourcesBuildPhase;
			buildActionMask = 2147483647;
			files = (
				62C8161C284DFC7700C494BB /* LaunchScreen.storyboard in Resources */,
				62C81619284DFC7700C494BB /* Assets.xcassets in Resources */,
			);
			runOnlyForDeploymentPostprocessing = 0;
		};
/* End PBXResourcesBuildPhase section */

/* Begin PBXSourcesBuildPhase section */
		62C81608284DFC7500C494BB /* Sources */ = {
			isa = PBXSourcesBuildPhase;
			buildActionMask = 2147483647;
			files = (
				629EF2972859229300EAC23C /* TodoViewModel.swift in Sources */,
				625919C22851FDA40013D97D /* NewTaskViewController.swift in Sources */,
				62BB91AA2852795100927A70 /* TaskCellViewModel.swift in Sources */,
				62BB91A728522D9700927A70 /* CustomTaskCell.swift in Sources */,
				62C81614284DFC7500C494BB /* TasksListViewController.swift in Sources */,
				62C81610284DFC7500C494BB /* AppDelegate.swift in Sources */,
				62BB91A12852158800927A70 /* DetailViewController.swift in Sources */,
				62BB91A5285215F900927A70 /* Task.swift in Sources */,
				62C81612284DFC7500C494BB /* SceneDelegate.swift in Sources */,
			);
			runOnlyForDeploymentPostprocessing = 0;
		};
/* End PBXSourcesBuildPhase section */

/* Begin PBXVariantGroup section */
		62C8161A284DFC7700C494BB /* LaunchScreen.storyboard */ = {
			isa = PBXVariantGroup;
			children = (
				62C8161B284DFC7700C494BB /* Base */,
			);
			name = LaunchScreen.storyboard;
			sourceTree = "<group>";
		};
/* End PBXVariantGroup section */

/* Begin XCBuildConfiguration section */
		62C8161E284DFC7700C494BB /* Debug */ = {
			isa = XCBuildConfiguration;
			buildSettings = {
				ALWAYS_SEARCH_USER_PATHS = NO;
				CLANG_ANALYZER_NONNULL = YES;
				CLANG_ANALYZER_NUMBER_OBJECT_CONVERSION = YES_AGGRESSIVE;
				CLANG_CXX_LANGUAGE_STANDARD = "gnu++17";
				CLANG_ENABLE_MODULES = YES;
				CLANG_ENABLE_OBJC_ARC = YES;
				CLANG_ENABLE_OBJC_WEAK = YES;
				CLANG_WARN_BLOCK_CAPTURE_AUTORELEASING = YES;
				CLANG_WARN_BOOL_CONVERSION = YES;
				CLANG_WARN_COMMA = YES;
				CLANG_WARN_CONSTANT_CONVERSION = YES;
				CLANG_WARN_DEPRECATED_OBJC_IMPLEMENTATIONS = YES;
				CLANG_WARN_DIRECT_OBJC_ISA_USAGE = YES_ERROR;
				CLANG_WARN_DOCUMENTATION_COMMENTS = YES;
				CLANG_WARN_EMPTY_BODY = YES;
				CLANG_WARN_ENUM_CONVERSION = YES;
				CLANG_WARN_INFINITE_RECURSION = YES;
				CLANG_WARN_INT_CONVERSION = YES;
				CLANG_WARN_NON_LITERAL_NULL_CONVERSION = YES;
				CLANG_WARN_OBJC_IMPLICIT_RETAIN_SELF = YES;
				CLANG_WARN_OBJC_LITERAL_CONVERSION = YES;
				CLANG_WARN_OBJC_ROOT_CLASS = YES_ERROR;
				CLANG_WARN_QUOTED_INCLUDE_IN_FRAMEWORK_HEADER = YES;
				CLANG_WARN_RANGE_LOOP_ANALYSIS = YES;
				CLANG_WARN_STRICT_PROTOTYPES = YES;
				CLANG_WARN_SUSPICIOUS_MOVE = YES;
				CLANG_WARN_UNGUARDED_AVAILABILITY = YES_AGGRESSIVE;
				CLANG_WARN_UNREACHABLE_CODE = YES;
				CLANG_WARN__DUPLICATE_METHOD_MATCH = YES;
				COPY_PHASE_STRIP = NO;
				DEBUG_INFORMATION_FORMAT = dwarf;
				ENABLE_STRICT_OBJC_MSGSEND = YES;
				ENABLE_TESTABILITY = YES;
				GCC_C_LANGUAGE_STANDARD = gnu11;
				GCC_DYNAMIC_NO_PIC = NO;
				GCC_NO_COMMON_BLOCKS = YES;
				GCC_OPTIMIZATION_LEVEL = 0;
				GCC_PREPROCESSOR_DEFINITIONS = (
					"DEBUG=1",
					"$(inherited)",
				);
				GCC_WARN_64_TO_32_BIT_CONVERSION = YES;
				GCC_WARN_ABOUT_RETURN_TYPE = YES_ERROR;
				GCC_WARN_UNDECLARED_SELECTOR = YES;
				GCC_WARN_UNINITIALIZED_AUTOS = YES_AGGRESSIVE;
				GCC_WARN_UNUSED_FUNCTION = YES;
				GCC_WARN_UNUSED_VARIABLE = YES;
				IPHONEOS_DEPLOYMENT_TARGET = 15.5;
				MTL_ENABLE_DEBUG_INFO = INCLUDE_SOURCE;
				MTL_FAST_MATH = YES;
				ONLY_ACTIVE_ARCH = YES;
				SDKROOT = iphoneos;
				SWIFT_ACTIVE_COMPILATION_CONDITIONS = DEBUG;
				SWIFT_OPTIMIZATION_LEVEL = "-Onone";
			};
			name = Debug;
		};
		62C8161F284DFC7700C494BB /* Release */ = {
			isa = XCBuildConfiguration;
			buildSettings = {
				ALWAYS_SEARCH_USER_PATHS = NO;
				CLANG_ANALYZER_NONNULL = YES;
				CLANG_ANALYZER_NUMBER_OBJECT_CONVERSION = YES_AGGRESSIVE;
				CLANG_CXX_LANGUAGE_STANDARD = "gnu++17";
				CLANG_ENABLE_MODULES = YES;
				CLANG_ENABLE_OBJC_ARC = YES;
				CLANG_ENABLE_OBJC_WEAK = YES;
				CLANG_WARN_BLOCK_CAPTURE_AUTORELEASING = YES;
				CLANG_WARN_BOOL_CONVERSION = YES;
				CLANG_WARN_COMMA = YES;
				CLANG_WARN_CONSTANT_CONVERSION = YES;
				CLANG_WARN_DEPRECATED_OBJC_IMPLEMENTATIONS = YES;
				CLANG_WARN_DIRECT_OBJC_ISA_USAGE = YES_ERROR;
				CLANG_WARN_DOCUMENTATION_COMMENTS = YES;
				CLANG_WARN_EMPTY_BODY = YES;
				CLANG_WARN_ENUM_CONVERSION = YES;
				CLANG_WARN_INFINITE_RECURSION = YES;
				CLANG_WARN_INT_CONVERSION = YES;
				CLANG_WARN_NON_LITERAL_NULL_CONVERSION = YES;
				CLANG_WARN_OBJC_IMPLICIT_RETAIN_SELF = YES;
				CLANG_WARN_OBJC_LITERAL_CONVERSION = YES;
				CLANG_WARN_OBJC_ROOT_CLASS = YES_ERROR;
				CLANG_WARN_QUOTED_INCLUDE_IN_FRAMEWORK_HEADER = YES;
				CLANG_WARN_RANGE_LOOP_ANALYSIS = YES;
				CLANG_WARN_STRICT_PROTOTYPES = YES;
				CLANG_WARN_SUSPICIOUS_MOVE = YES;
				CLANG_WARN_UNGUARDED_AVAILABILITY = YES_AGGRESSIVE;
				CLANG_WARN_UNREACHABLE_CODE = YES;
				CLANG_WARN__DUPLICATE_METHOD_MATCH = YES;
				COPY_PHASE_STRIP = NO;
				DEBUG_INFORMATION_FORMAT = "dwarf-with-dsym";
				ENABLE_NS_ASSERTIONS = NO;
				ENABLE_STRICT_OBJC_MSGSEND = YES;
				GCC_C_LANGUAGE_STANDARD = gnu11;
				GCC_NO_COMMON_BLOCKS = YES;
				GCC_WARN_64_TO_32_BIT_CONVERSION = YES;
				GCC_WARN_ABOUT_RETURN_TYPE = YES_ERROR;
				GCC_WARN_UNDECLARED_SELECTOR = YES;
				GCC_WARN_UNINITIALIZED_AUTOS = YES_AGGRESSIVE;
				GCC_WARN_UNUSED_FUNCTION = YES;
				GCC_WARN_UNUSED_VARIABLE = YES;
				IPHONEOS_DEPLOYMENT_TARGET = 15.5;
				MTL_ENABLE_DEBUG_INFO = NO;
				MTL_FAST_MATH = YES;
				SDKROOT = iphoneos;
				SWIFT_COMPILATION_MODE = wholemodule;
				SWIFT_OPTIMIZATION_LEVEL = "-O";
				VALIDATE_PRODUCT = YES;
			};
			name = Release;
		};
		62C81621284DFC7700C494BB /* Debug */ = {
			isa = XCBuildConfiguration;
			buildSettings = {
				ASSETCATALOG_COMPILER_APPICON_NAME = AppIcon;
				ASSETCATALOG_COMPILER_GLOBAL_ACCENT_COLOR_NAME = AccentColor;
				CODE_SIGN_STYLE = Automatic;
				CURRENT_PROJECT_VERSION = 1;
				GENERATE_INFOPLIST_FILE = YES;
				INFOPLIST_FILE = "Todo-App-V2/Info.plist";
				INFOPLIST_KEY_UIApplicationSupportsIndirectInputEvents = YES;
				INFOPLIST_KEY_UILaunchStoryboardName = LaunchScreen;
				INFOPLIST_KEY_UISupportedInterfaceOrientations = UIInterfaceOrientationPortrait;
				INFOPLIST_KEY_UISupportedInterfaceOrientations_iPad = "UIInterfaceOrientationPortrait UIInterfaceOrientationPortraitUpsideDown UIInterfaceOrientationLandscapeLeft UIInterfaceOrientationLandscapeRight";
				INFOPLIST_KEY_UISupportedInterfaceOrientations_iPhone = "UIInterfaceOrientationPortrait UIInterfaceOrientationLandscapeLeft UIInterfaceOrientationLandscapeRight";
				LD_RUNPATH_SEARCH_PATHS = (
					"$(inherited)",
					"@executable_path/Frameworks",
				);
				MARKETING_VERSION = 0.1.0;
				PRODUCT_BUNDLE_IDENTIFIER = "safaktepemert.Todo-App-V2";
				PRODUCT_NAME = "$(TARGET_NAME)";
				SWIFT_EMIT_LOC_STRINGS = YES;
				SWIFT_VERSION = 5.0;
				TARGETED_DEVICE_FAMILY = 1;
			};
			name = Debug;
		};
		62C81622284DFC7700C494BB /* Release */ = {
			isa = XCBuildConfiguration;
			buildSettings = {
				ASSETCATALOG_COMPILER_APPICON_NAME = AppIcon;
				ASSETCATALOG_COMPILER_GLOBAL_ACCENT_COLOR_NAME = AccentColor;
				CODE_SIGN_STYLE = Automatic;
				CURRENT_PROJECT_VERSION = 1;
				GENERATE_INFOPLIST_FILE = YES;
				INFOPLIST_FILE = "Todo-App-V2/Info.plist";
				INFOPLIST_KEY_UIApplicationSupportsIndirectInputEvents = YES;
				INFOPLIST_KEY_UILaunchStoryboardName = LaunchScreen;
				INFOPLIST_KEY_UISupportedInterfaceOrientations = UIInterfaceOrientationPortrait;
				INFOPLIST_KEY_UISupportedInterfaceOrientations_iPad = "UIInterfaceOrientationPortrait UIInterfaceOrientationPortraitUpsideDown UIInterfaceOrientationLandscapeLeft UIInterfaceOrientationLandscapeRight";
				INFOPLIST_KEY_UISupportedInterfaceOrientations_iPhone = "UIInterfaceOrientationPortrait UIInterfaceOrientationLandscapeLeft UIInterfaceOrientationLandscapeRight";
				LD_RUNPATH_SEARCH_PATHS = (
					"$(inherited)",
					"@executable_path/Frameworks",
				);
				MARKETING_VERSION = 0.1.0;
				PRODUCT_BUNDLE_IDENTIFIER = "safaktepemert.Todo-App-V2";
				PRODUCT_NAME = "$(TARGET_NAME)";
				SWIFT_EMIT_LOC_STRINGS = YES;
				SWIFT_VERSION = 5.0;
				TARGETED_DEVICE_FAMILY = 1;
			};
			name = Release;
		};
/* End XCBuildConfiguration section */

/* Begin XCConfigurationList section */
		62C81607284DFC7500C494BB /* Build configuration list for PBXProject "Todo-App-V2" */ = {
			isa = XCConfigurationList;
			buildConfigurations = (
				62C8161E284DFC7700C494BB /* Debug */,
				62C8161F284DFC7700C494BB /* Release */,
			);
			defaultConfigurationIsVisible = 0;
			defaultConfigurationName = Release;
		};
		62C81620284DFC7700C494BB /* Build configuration list for PBXNativeTarget "Todo-App-V2" */ = {
			isa = XCConfigurationList;
			buildConfigurations = (
				62C81621284DFC7700C494BB /* Debug */,
				62C81622284DFC7700C494BB /* Release */,
			);
			defaultConfigurationIsVisible = 0;
			defaultConfigurationName = Release;
		};
/* End XCConfigurationList section */

/* Begin XCRemoteSwiftPackageReference section */
		6281B073284F812900FFAEEC /* XCRemoteSwiftPackageReference "SnapKit" */ = {
			isa = XCRemoteSwiftPackageReference;
			repositoryURL = "https://github.com/SnapKit/SnapKit.git";
			requirement = {
				kind = upToNextMajorVersion;
				minimumVersion = 5.0.1;
			};
		};
/* End XCRemoteSwiftPackageReference section */

/* Begin XCSwiftPackageProductDependency section */
		6281B074284F812900FFAEEC /* SnapKit */ = {
			isa = XCSwiftPackageProductDependency;
			package = 6281B073284F812900FFAEEC /* XCRemoteSwiftPackageReference "SnapKit" */;
			productName = SnapKit;
		};
/* End XCSwiftPackageProductDependency section */
	};
	rootObject = 62C81604284DFC7500C494BB /* Project object */;
}
